{
    "requires": true,
    "lockfileVersion": 1,
    "dependencies": {
        "sweetalert2": {
            "version": "8.15.1",
            "resolved": "https://registry.npmjs.org/sweetalert2/-/sweetalert2-8.15.1.tgz",
            "integrity": "sha512-NyTgaPKKASZEvMrAwHwVw5L8dJDPNveOgW9STBi/bKC/6BUjez0DKbPfRTWB2NFlX96/LHzJfYYVDU27M5jlOA=="
        }
    }
}
